
Microsoft Visual Studio Solution File, Format Version 12.00
# Visual Studio Version 17
VisualStudioVersion = 17.0.32014.148
MinimumVisualStudioVersion = 10.0.40219.1
Project("{888888A0-9F3D-457C-B088-3A5042F75D52}") = "laba4", "laba4\laba4.pyproj", "{5D6FC296-4A62-4004-8D80-543FE25E462D}"
EndProject
Global
	GlobalSection(SolutionConfigurationPlatforms) = preSolution
		Debug|Any CPU = Debug|Any CPU
		Release|Any CPU = Release|Any CPU
	EndGlobalSection
	GlobalSection(ProjectConfigurationPlatforms) = postSolution
		{5D6FC296-4A62-4004-8D80-543FE25E462D}.Debug|Any CPU.ActiveCfg = Debug|Any CPU
		{5D6FC296-4A62-4004-8D80-543FE25E462D}.Debug|Any CPU.Build.0 = Debug|Any CPU
		{5D6FC296-4A62-4004-8D80-543FE25E462D}.Release|Any CPU.ActiveCfg = Release|Any CPU
		{5D6FC296-4A62-4004-8D80-543FE25E462D}.Release|Any CPU.Build.0 = Release|Any CPU
	EndGlobalSection
	GlobalSection(SolutionProperties) = preSolution
		HideSolutionNode = FALSE
	EndGlobalSection
	GlobalSection(ExtensibilityGlobals) = postSolution
		SolutionGuid = {510FA7F5-E7F0-4E12-9A2B-FEDBA5CB2ECA}
	EndGlobalSection
EndGlobal
